// !$*UTF8*$!
{
	archiveVersion = 1;
	classes = {
	};
	objectVersion = 45;
	objects = {

/* Begin PBXBuildFile section */
		1D3623260D0F684500981E51 /* iNGAppDelegate.m in Sources */ = {isa = PBXBuildFile; fileRef = 1D3623250D0F684500981E51 /* iNGAppDelegate.m */; };
		1D3623EC0D0F72F000981E51 /* CoreGraphics.framework in Frameworks */ = {isa = PBXBuildFile; fileRef = 1D3623EB0D0F72F000981E51 /* CoreGraphics.framework */; };
		1D60589B0D05DD56006BFB54 /* main.m in Sources */ = {isa = PBXBuildFile; fileRef = 29B97316FDCFA39411CA2CEA /* main.m */; };
		1D60589F0D05DD5A006BFB54 /* Foundation.framework in Frameworks */ = {isa = PBXBuildFile; fileRef = 1D30AB110D05D00D00671497 /* Foundation.framework */; };
		1DF5F4E00D08C38300B7A737 /* UIKit.framework in Frameworks */ = {isa = PBXBuildFile; fileRef = 1DF5F4DF0D08C38300B7A737 /* UIKit.framework */; };
		BE71503A0DC7D14C005F98A0 /* ReadIndicator.png in Resources */ = {isa = PBXBuildFile; fileRef = BE71500D0DC7CD00005F98A0 /* ReadIndicator.png */; };
		BE71503B0DC7D14F005F98A0 /* UnreadIndicator.png in Resources */ = {isa = PBXBuildFile; fileRef = BE714FF50DC7CC3E005F98A0 /* UnreadIndicator.png */; };
		BE7422F10E54037200EC7C2F /* icon.png in Resources */ = {isa = PBXBuildFile; fileRef = BE7422F00E54037200EC7C2F /* icon.png */; };
		BE7FB0920E467F2500BA1364 /* GroupCell.m in Sources */ = {isa = PBXBuildFile; fileRef = BE7FB0910E467F2500BA1364 /* GroupCell.m */; };
		BE8291750DBC7ECB000E412F /* ArticleViewController.m in Sources */ = {isa = PBXBuildFile; fileRef = BE8291740DBC7ECB000E412F /* ArticleViewController.m */; };
		BE8291780DBC7ED6000E412F /* ArticleView.m in Sources */ = {isa = PBXBuildFile; fileRef = BE8291770DBC7ED6000E412F /* ArticleView.m */; };
		BE88702F0DA9494400F372E6 /* AccountView.m in Sources */ = {isa = PBXBuildFile; fileRef = BE88702E0DA9494400F372E6 /* AccountView.m */; };
		BE8870D50DA9759C00F372E6 /* GroupListViewController.m in Sources */ = {isa = PBXBuildFile; fileRef = BE8870D40DA9759C00F372E6 /* GroupListViewController.m */; };
		BE8C6FBE0DAB0E000000C41E /* NNTPGroupBasic.m in Sources */ = {isa = PBXBuildFile; fileRef = BE8C6FBD0DAB0E000000C41E /* NNTPGroupBasic.m */; };
		BE93589F0DB1CB7500D1DAAF /* ArticleListViewController.m in Sources */ = {isa = PBXBuildFile; fileRef = BE93589E0DB1CB7500D1DAAF /* ArticleListViewController.m */; };
		BE9358A30DB1CBC100D1DAAF /* ArticleCell.m in Sources */ = {isa = PBXBuildFile; fileRef = BE9358A20DB1CBC100D1DAAF /* ArticleCell.m */; };
		BE9434B80DA1FAB700911EA8 /* Settings.bundle in Copy Settings.bundle */ = {isa = PBXBuildFile; fileRef = BE9434800DA1F43200911EA8 /* Settings.bundle */; };
		BECCBF0F0D94B817001F2856 /* AccountViewController.m in Sources */ = {isa = PBXBuildFile; fileRef = BECCBF0E0D94B817001F2856 /* AccountViewController.m */; };
		BED48C630DBC158A00029340 /* SubscriptionManagerViewController.m in Sources */ = {isa = PBXBuildFile; fileRef = BED48C620DBC158A00029340 /* SubscriptionManagerViewController.m */; };
		BED48C660DBC159F00029340 /* SubscriptionCell.m in Sources */ = {isa = PBXBuildFile; fileRef = BED48C650DBC159F00029340 /* SubscriptionCell.m */; };
		BED513B60D8ED96A003DC505 /* NNTPAccount.m in Sources */ = {isa = PBXBuildFile; fileRef = BED513B50D8ED96A003DC505 /* NNTPAccount.m */; };
		BED513E20D8F3419003DC505 /* resolveHostname.m in Sources */ = {isa = PBXBuildFile; fileRef = BED513E10D8F3419003DC505 /* resolveHostname.m */; };
		BEDC6B860DB0216E00A3BF70 /* NNTPGroupFull.m in Sources */ = {isa = PBXBuildFile; fileRef = BEDC6B850DB0216E00A3BF70 /* NNTPGroupFull.m */; };
		BEDC6B9F0DB0249000A3BF70 /* NNTPArticle.m in Sources */ = {isa = PBXBuildFile; fileRef = BEDC6B9E0DB0249000A3BF70 /* NNTPArticle.m */; };
/* End PBXBuildFile section */

/* Begin PBXCopyFilesBuildPhase section */
		BE9434BA0DA1FABB00911EA8 /* Copy Settings.bundle */ = {
			isa = PBXCopyFilesBuildPhase;
			buildActionMask = 2147483647;
			dstPath = "";
			dstSubfolderSpec = 1;
			files = (
				BE9434B80DA1FAB700911EA8 /* Settings.bundle in Copy Settings.bundle */,
			);
			name = "Copy Settings.bundle";
			runOnlyForDeploymentPostprocessing = 0;
		};
/* End PBXCopyFilesBuildPhase section */

/* Begin PBXFileReference section */
		1D30AB110D05D00D00671497 /* Foundation.framework */ = {isa = PBXFileReference; lastKnownFileType = wrapper.framework; name = Foundation.framework; path = System/Library/Frameworks/Foundation.framework; sourceTree = SDKROOT; };
		1D3623240D0F684500981E51 /* iNGAppDelegate.h */ = {isa = PBXFileReference; fileEncoding = 4; lastKnownFileType = sourcecode.c.h; path = iNGAppDelegate.h; sourceTree = "<group>"; };
		1D3623250D0F684500981E51 /* iNGAppDelegate.m */ = {isa = PBXFileReference; fileEncoding = 4; lastKnownFileType = sourcecode.c.objc; path = iNGAppDelegate.m; sourceTree = "<group>"; };
		1D3623EB0D0F72F000981E51 /* CoreGraphics.framework */ = {isa = PBXFileReference; lastKnownFileType = wrapper.framework; name = CoreGraphics.framework; path = System/Library/Frameworks/CoreGraphics.framework; sourceTree = SDKROOT; };
		1D6058910D05DD3D006BFB54 /* iNG.app */ = {isa = PBXFileReference; explicitFileType = wrapper.application; includeInIndex = 0; path = iNG.app; sourceTree = BUILT_PRODUCTS_DIR; };
		1DF5F4DF0D08C38300B7A737 /* UIKit.framework */ = {isa = PBXFileReference; lastKnownFileType = wrapper.framework; name = UIKit.framework; path = System/Library/Frameworks/UIKit.framework; sourceTree = SDKROOT; };
		29B97316FDCFA39411CA2CEA /* main.m */ = {isa = PBXFileReference; fileEncoding = 4; lastKnownFileType = sourcecode.c.objc; path = main.m; sourceTree = "<group>"; };
		32CA4F630368D1EE00C91783 /* iNG_Prefix.pch */ = {isa = PBXFileReference; fileEncoding = 4; lastKnownFileType = sourcecode.c.h; path = iNG_Prefix.pch; sourceTree = "<group>"; };
		8D1107310486CEB800E47090 /* Info.plist */ = {isa = PBXFileReference; fileEncoding = 4; lastKnownFileType = text.plist.xml; path = Info.plist; sourceTree = "<group>"; };
		BE714FF50DC7CC3E005F98A0 /* UnreadIndicator.png */ = {isa = PBXFileReference; explicitFileType = image.png; name = UnreadIndicator.png; path = ../UnreadIndicator.png; sourceTree = SOURCE_ROOT; };
		BE71500D0DC7CD00005F98A0 /* ReadIndicator.png */ = {isa = PBXFileReference; lastKnownFileType = image.png; name = ReadIndicator.png; path = ../ReadIndicator.png; sourceTree = SOURCE_ROOT; };
		BE7422F00E54037200EC7C2F /* icon.png */ = {isa = PBXFileReference; lastKnownFileType = image.png; path = icon.png; sourceTree = "<group>"; };
		BE7FB0900E467F2500BA1364 /* GroupCell.h */ = {isa = PBXFileReference; fileEncoding = 4; lastKnownFileType = sourcecode.c.h; path = GroupCell.h; sourceTree = "<group>"; };
		BE7FB0910E467F2500BA1364 /* GroupCell.m */ = {isa = PBXFileReference; fileEncoding = 4; lastKnownFileType = sourcecode.c.objc; path = GroupCell.m; sourceTree = "<group>"; };
		BE8291730DBC7ECB000E412F /* ArticleViewController.h */ = {isa = PBXFileReference; fileEncoding = 4; lastKnownFileType = sourcecode.c.h; path = ArticleViewController.h; sourceTree = "<group>"; };
		BE8291740DBC7ECB000E412F /* ArticleViewController.m */ = {isa = PBXFileReference; fileEncoding = 4; lastKnownFileType = sourcecode.c.objc; path = ArticleViewController.m; sourceTree = "<group>"; };
		BE8291760DBC7ED6000E412F /* ArticleView.h */ = {isa = PBXFileReference; fileEncoding = 4; lastKnownFileType = sourcecode.c.h; path = ArticleView.h; sourceTree = "<group>"; };
		BE8291770DBC7ED6000E412F /* ArticleView.m */ = {isa = PBXFileReference; fileEncoding = 4; lastKnownFileType = sourcecode.c.objc; path = ArticleView.m; sourceTree = "<group>"; };
		BE88702D0DA9494400F372E6 /* AccountView.h */ = {isa = PBXFileReference; fileEncoding = 4; lastKnownFileType = sourcecode.c.h; path = AccountView.h; sourceTree = "<group>"; };
		BE88702E0DA9494400F372E6 /* AccountView.m */ = {isa = PBXFileReference; fileEncoding = 4; lastKnownFileType = sourcecode.c.objc; path = AccountView.m; sourceTree = "<group>"; };
		BE8870D30DA9759C00F372E6 /* GroupListViewController.h */ = {isa = PBXFileReference; fileEncoding = 4; lastKnownFileType = sourcecode.c.h; path = GroupListViewController.h; sourceTree = "<group>"; };
		BE8870D40DA9759C00F372E6 /* GroupListViewController.m */ = {isa = PBXFileReference; fileEncoding = 4; lastKnownFileType = sourcecode.c.objc; path = GroupListViewController.m; sourceTree = "<group>"; };
		BE8C6FBC0DAB0E000000C41E /* NNTPGroupBasic.h */ = {isa = PBXFileReference; fileEncoding = 4; lastKnownFileType = sourcecode.c.h; path = NNTPGroupBasic.h; sourceTree = "<group>"; };
		BE8C6FBD0DAB0E000000C41E /* NNTPGroupBasic.m */ = {isa = PBXFileReference; fileEncoding = 4; lastKnownFileType = sourcecode.c.objc; path = NNTPGroupBasic.m; sourceTree = "<group>"; };
		BE93589D0DB1CB7500D1DAAF /* ArticleListViewController.h */ = {isa = PBXFileReference; fileEncoding = 4; lastKnownFileType = sourcecode.c.h; path = ArticleListViewController.h; sourceTree = "<group>"; };
		BE93589E0DB1CB7500D1DAAF /* ArticleListViewController.m */ = {isa = PBXFileReference; fileEncoding = 4; lastKnownFileType = sourcecode.c.objc; path = ArticleListViewController.m; sourceTree = "<group>"; };
		BE9358A10DB1CBC100D1DAAF /* ArticleCell.h */ = {isa = PBXFileReference; fileEncoding = 4; lastKnownFileType = sourcecode.c.h; path = ArticleCell.h; sourceTree = "<group>"; };
		BE9358A20DB1CBC100D1DAAF /* ArticleCell.m */ = {isa = PBXFileReference; fileEncoding = 4; lastKnownFileType = sourcecode.c.objc; path = ArticleCell.m; sourceTree = "<group>"; };
		BE9434800DA1F43200911EA8 /* Settings.bundle */ = {isa = PBXFileReference; lastKnownFileType = "wrapper.plug-in"; path = Settings.bundle; sourceTree = "<group>"; };
		BECCBF0D0D94B817001F2856 /* AccountViewController.h */ = {isa = PBXFileReference; fileEncoding = 4; lastKnownFileType = sourcecode.c.h; path = AccountViewController.h; sourceTree = "<group>"; };
		BECCBF0E0D94B817001F2856 /* AccountViewController.m */ = {isa = PBXFileReference; fileEncoding = 4; lastKnownFileType = sourcecode.c.objc; path = AccountViewController.m; sourceTree = "<group>"; };
		BED48C610DBC158A00029340 /* SubscriptionManagerViewController.h */ = {isa = PBXFileReference; fileEncoding = 4; lastKnownFileType = sourcecode.c.h; path = SubscriptionManagerViewController.h; sourceTree = "<group>"; };
		BED48C620DBC158A00029340 /* SubscriptionManagerViewController.m */ = {isa = PBXFileReference; fileEncoding = 4; lastKnownFileType = sourcecode.c.objc; path = SubscriptionManagerViewController.m; sourceTree = "<group>"; };
		BED48C640DBC159F00029340 /* SubscriptionCell.h */ = {isa = PBXFileReference; fileEncoding = 4; lastKnownFileType = sourcecode.c.h; path = SubscriptionCell.h; sourceTree = "<group>"; };
		BED48C650DBC159F00029340 /* SubscriptionCell.m */ = {isa = PBXFileReference; fileEncoding = 4; lastKnownFileType = sourcecode.c.objc; path = SubscriptionCell.m; sourceTree = "<group>"; };
		BED513B40D8ED96A003DC505 /* NNTPAccount.h */ = {isa = PBXFileReference; fileEncoding = 4; lastKnownFileType = sourcecode.c.h; path = NNTPAccount.h; sourceTree = "<group>"; };
		BED513B50D8ED96A003DC505 /* NNTPAccount.m */ = {isa = PBXFileReference; fileEncoding = 4; lastKnownFileType = sourcecode.c.objc; path = NNTPAccount.m; sourceTree = "<group>"; };
		BED513BC0D8F2BCB003DC505 /* resolveHostname.h */ = {isa = PBXFileReference; fileEncoding = 4; lastKnownFileType = sourcecode.c.h; path = resolveHostname.h; sourceTree = "<group>"; };
		BED513E10D8F3419003DC505 /* resolveHostname.m */ = {isa = PBXFileReference; fileEncoding = 4; lastKnownFileType = sourcecode.c.objc; path = resolveHostname.m; sourceTree = "<group>"; };
		BEDC6B840DB0216E00A3BF70 /* NNTPGroupFull.h */ = {isa = PBXFileReference; fileEncoding = 4; lastKnownFileType = sourcecode.c.h; path = NNTPGroupFull.h; sourceTree = "<group>"; };
		BEDC6B850DB0216E00A3BF70 /* NNTPGroupFull.m */ = {isa = PBXFileReference; fileEncoding = 4; lastKnownFileType = sourcecode.c.objc; path = NNTPGroupFull.m; sourceTree = "<group>"; };
		BEDC6B9D0DB0249000A3BF70 /* NNTPArticle.h */ = {isa = PBXFileReference; fileEncoding = 4; lastKnownFileType = sourcecode.c.h; path = NNTPArticle.h; sourceTree = "<group>"; };
		BEDC6B9E0DB0249000A3BF70 /* NNTPArticle.m */ = {isa = PBXFileReference; fileEncoding = 4; lastKnownFileType = sourcecode.c.objc; path = NNTPArticle.m; sourceTree = "<group>"; };
/* End PBXFileReference section */

/* Begin PBXFrameworksBuildPhase section */
		1D60588F0D05DD3D006BFB54 /* Frameworks */ = {
			isa = PBXFrameworksBuildPhase;
			buildActionMask = 2147483647;
			files = (
				1D60589F0D05DD5A006BFB54 /* Foundation.framework in Frameworks */,
				1DF5F4E00D08C38300B7A737 /* UIKit.framework in Frameworks */,
				1D3623EC0D0F72F000981E51 /* CoreGraphics.framework in Frameworks */,
			);
			runOnlyForDeploymentPostprocessing = 0;
		};
/* End PBXFrameworksBuildPhase section */

/* Begin PBXGroup section */
		080E96DDFE201D6D7F000001 /* Classes */ = {
			isa = PBXGroup;
			children = (
				BEDC6B880DB023B800A3BF70 /* Misc */,
				BED513870D8DF9AC003DC505 /* Data */,
				BED513860D8DF99B003DC505 /* UI */,
			);
			path = Classes;
			sourceTree = "<group>";
		};
		1058C7A0FEA54F0111CA2CBB /* Linked Frameworks */ = {
			isa = PBXGroup;
			children = (
				1D3623EB0D0F72F000981E51 /* CoreGraphics.framework */,
				1DF5F4DF0D08C38300B7A737 /* UIKit.framework */,
				1D30AB110D05D00D00671497 /* Foundation.framework */,
			);
			name = "Linked Frameworks";
			sourceTree = "<group>";
		};
		1058C7A2FEA54F0111CA2CBB /* Other Frameworks */ = {
			isa = PBXGroup;
			children = (
			);
			name = "Other Frameworks";
			sourceTree = "<group>";
		};
		19C28FACFE9D520D11CA2CBB /* Products */ = {
			isa = PBXGroup;
			children = (
				1D6058910D05DD3D006BFB54 /* iNG.app */,
			);
			name = Products;
			sourceTree = "<group>";
		};
		29B97314FDCFA39411CA2CEA /* CustomTemplate */ = {
			isa = PBXGroup;
			children = (
				BE7422F00E54037200EC7C2F /* icon.png */,
				080E96DDFE201D6D7F000001 /* Classes */,
				29B97315FDCFA39411CA2CEA /* Other Sources */,
				29B97317FDCFA39411CA2CEA /* Resources */,
				29B97323FDCFA39411CA2CEA /* Frameworks */,
				19C28FACFE9D520D11CA2CBB /* Products */,
			);
			name = CustomTemplate;
			sourceTree = "<group>";
		};
		29B97315FDCFA39411CA2CEA /* Other Sources */ = {
			isa = PBXGroup;
			children = (
				32CA4F630368D1EE00C91783 /* iNG_Prefix.pch */,
				29B97316FDCFA39411CA2CEA /* main.m */,
			);
			name = "Other Sources";
			sourceTree = "<group>";
		};
		29B97317FDCFA39411CA2CEA /* Resources */ = {
			isa = PBXGroup;
			children = (
				BE71500D0DC7CD00005F98A0 /* ReadIndicator.png */,
				BE714FF50DC7CC3E005F98A0 /* UnreadIndicator.png */,
				BE9434800DA1F43200911EA8 /* Settings.bundle */,
				8D1107310486CEB800E47090 /* Info.plist */,
			);
			name = Resources;
			sourceTree = "<group>";
		};
		29B97323FDCFA39411CA2CEA /* Frameworks */ = {
			isa = PBXGroup;
			children = (
				1058C7A0FEA54F0111CA2CBB /* Linked Frameworks */,
				1058C7A2FEA54F0111CA2CBB /* Other Frameworks */,
			);
			name = Frameworks;
			sourceTree = "<group>";
		};
		BE8291720DBC7EB0000E412F /* ArticleView */ = {
			isa = PBXGroup;
			children = (
				BE8291730DBC7ECB000E412F /* ArticleViewController.h */,
				BE8291740DBC7ECB000E412F /* ArticleViewController.m */,
				BE8291760DBC7ED6000E412F /* ArticleView.h */,
				BE8291770DBC7ED6000E412F /* ArticleView.m */,
			);
			name = ArticleView;
			sourceTree = "<group>";
		};
		BE8870D20DA9756000F372E6 /* AccountView */ = {
			isa = PBXGroup;
			children = (
				BECCBF0E0D94B817001F2856 /* AccountViewController.m */,
				BE88702D0DA9494400F372E6 /* AccountView.h */,
				BE88702E0DA9494400F372E6 /* AccountView.m */,
				BECCBF0D0D94B817001F2856 /* AccountViewController.h */,
			);
			name = AccountView;
			sourceTree = "<group>";
		};
		BE8870D60DA975A400F372E6 /* Group List */ = {
			isa = PBXGroup;
			children = (
				BE8870D30DA9759C00F372E6 /* GroupListViewController.h */,
				BE8870D40DA9759C00F372E6 /* GroupListViewController.m */,
				BE7FB0900E467F2500BA1364 /* GroupCell.h */,
				BE7FB0910E467F2500BA1364 /* GroupCell.m */,
			);
			name = "Group List";
			sourceTree = "<group>";
		};
		BE9358A00DB1CBA200D1DAAF /* Article List */ = {
			isa = PBXGroup;
			children = (
				BE93589D0DB1CB7500D1DAAF /* ArticleListViewController.h */,
				BE93589E0DB1CB7500D1DAAF /* ArticleListViewController.m */,
				BE9358A10DB1CBC100D1DAAF /* ArticleCell.h */,
				BE9358A20DB1CBC100D1DAAF /* ArticleCell.m */,
			);
			name = "Article List";
			sourceTree = "<group>";
		};
		BED48C5F0DBC156100029340 /* Subscription Manager */ = {
			isa = PBXGroup;
			children = (
				BED48C610DBC158A00029340 /* SubscriptionManagerViewController.h */,
				BED48C620DBC158A00029340 /* SubscriptionManagerViewController.m */,
				BED48C640DBC159F00029340 /* SubscriptionCell.h */,
				BED48C650DBC159F00029340 /* SubscriptionCell.m */,
			);
			name = "Subscription Manager";
			sourceTree = "<group>";
		};
		BED513860D8DF99B003DC505 /* UI */ = {
			isa = PBXGroup;
			children = (
				BE8870D20DA9756000F372E6 /* AccountView */,
				BE9358A00DB1CBA200D1DAAF /* Article List */,
				BE8291720DBC7EB0000E412F /* ArticleView */,
				BE8870D60DA975A400F372E6 /* Group List */,
				BED48C5F0DBC156100029340 /* Subscription Manager */,
				1D3623240D0F684500981E51 /* iNGAppDelegate.h */,
				1D3623250D0F684500981E51 /* iNGAppDelegate.m */,
			);
			name = UI;
			sourceTree = "<group>";
		};
		BED513870D8DF9AC003DC505 /* Data */ = {
			isa = PBXGroup;
			children = (
				BED513B40D8ED96A003DC505 /* NNTPAccount.h */,
				BED513B50D8ED96A003DC505 /* NNTPAccount.m */,
				BE8C6FBC0DAB0E000000C41E /* NNTPGroupBasic.h */,
				BE8C6FBD0DAB0E000000C41E /* NNTPGroupBasic.m */,
				BEDC6B840DB0216E00A3BF70 /* NNTPGroupFull.h */,
				BEDC6B850DB0216E00A3BF70 /* NNTPGroupFull.m */,
				BEDC6B9D0DB0249000A3BF70 /* NNTPArticle.h */,
				BEDC6B9E0DB0249000A3BF70 /* NNTPArticle.m */,
			);
			name = Data;
			sourceTree = "<group>";
		};
		BEDC6B880DB023B800A3BF70 /* Misc */ = {
			isa = PBXGroup;
			children = (
				BED513BC0D8F2BCB003DC505 /* resolveHostname.h */,
				BED513E10D8F3419003DC505 /* resolveHostname.m */,
			);
			name = Misc;
			sourceTree = "<group>";
		};
/* End PBXGroup section */

/* Begin PBXNativeTarget section */
		1D6058900D05DD3D006BFB54 /* iNG */ = {
			isa = PBXNativeTarget;
			buildConfigurationList = 1D6058960D05DD3E006BFB54 /* Build configuration list for PBXNativeTarget "iNG" */;
			buildPhases = (
				1D60588E0D05DD3D006BFB54 /* Sources */,
				1D60588F0D05DD3D006BFB54 /* Frameworks */,
				BE9434BA0DA1FABB00911EA8 /* Copy Settings.bundle */,
				BE7150370DC7D103005F98A0 /* Resources */,
			);
			buildRules = (
			);
			dependencies = (
			);
			name = iNG;
			productName = iNG;
			productReference = 1D6058910D05DD3D006BFB54 /* iNG.app */;
			productType = "com.apple.product-type.application";
		};
/* End PBXNativeTarget section */

/* Begin PBXProject section */
		29B97313FDCFA39411CA2CEA /* Project object */ = {
			isa = PBXProject;
			buildConfigurationList = C01FCF4E08A954540054247B /* Build configuration list for PBXProject "iNG" */;
			compatibilityVersion = "Xcode 3.1";
			hasScannedForEncodings = 1;
			mainGroup = 29B97314FDCFA39411CA2CEA /* CustomTemplate */;
			projectDirPath = "";
			projectRoot = "";
			targets = (
				1D6058900D05DD3D006BFB54 /* iNG */,
			);
		};
/* End PBXProject section */

/* Begin PBXResourcesBuildPhase section */
		BE7150370DC7D103005F98A0 /* Resources */ = {
			isa = PBXResourcesBuildPhase;
			buildActionMask = 2147483647;
			files = (
				BE71503B0DC7D14F005F98A0 /* UnreadIndicator.png in Resources */,
				BE71503A0DC7D14C005F98A0 /* ReadIndicator.png in Resources */,
				BE7422F10E54037200EC7C2F /* icon.png in Resources */,
			);
			runOnlyForDeploymentPostprocessing = 0;
		};
/* End PBXResourcesBuildPhase section */

/* Begin PBXSourcesBuildPhase section */
		1D60588E0D05DD3D006BFB54 /* Sources */ = {
			isa = PBXSourcesBuildPhase;
			buildActionMask = 2147483647;
			files = (
				1D60589B0D05DD56006BFB54 /* main.m in Sources */,
				1D3623260D0F684500981E51 /* iNGAppDelegate.m in Sources */,
				BED513B60D8ED96A003DC505 /* NNTPAccount.m in Sources */,
				BED513E20D8F3419003DC505 /* resolveHostname.m in Sources */,
				BECCBF0F0D94B817001F2856 /* AccountViewController.m in Sources */,
				BE88702F0DA9494400F372E6 /* AccountView.m in Sources */,
				BE8870D50DA9759C00F372E6 /* GroupListViewController.m in Sources */,
				BE8C6FBE0DAB0E000000C41E /* NNTPGroupBasic.m in Sources */,
				BEDC6B860DB0216E00A3BF70 /* NNTPGroupFull.m in Sources */,
				BEDC6B9F0DB0249000A3BF70 /* NNTPArticle.m in Sources */,
				BE93589F0DB1CB7500D1DAAF /* ArticleListViewController.m in Sources */,
				BE9358A30DB1CBC100D1DAAF /* ArticleCell.m in Sources */,
				BED48C630DBC158A00029340 /* SubscriptionManagerViewController.m in Sources */,
				BED48C660DBC159F00029340 /* SubscriptionCell.m in Sources */,
				BE8291750DBC7ECB000E412F /* ArticleViewController.m in Sources */,
				BE8291780DBC7ED6000E412F /* ArticleView.m in Sources */,
				BE7FB0920E467F2500BA1364 /* GroupCell.m in Sources */,
			);
			runOnlyForDeploymentPostprocessing = 0;
		};
/* End PBXSourcesBuildPhase section */

/* Begin XCBuildConfiguration section */
		1D6058940D05DD3E006BFB54 /* Debug */ = {
			isa = XCBuildConfiguration;
			buildSettings = {
				CODE_SIGN_IDENTITY = "William Dietz";
				COPY_PHASE_STRIP = NO;
				DEBUG_INFORMATION_FORMAT = "dwarf-with-dsym";
				GCC_DYNAMIC_NO_PIC = NO;
				GCC_ENABLE_FIX_AND_CONTINUE = NO;
				GCC_OPTIMIZATION_LEVEL = 0;
				GCC_PRECOMPILE_PREFIX_HEADER = YES;
				GCC_PREFIX_HEADER = iNG_Prefix.pch;
				INFOPLIST_FILE = Info.plist;
				PREBINDING = NO;
				PRODUCT_NAME = iNG;
			};
			name = Debug;
		};
		1D6058950D05DD3E006BFB54 /* Release */ = {
			isa = XCBuildConfiguration;
			buildSettings = {
				COPY_PHASE_STRIP = YES;
				DEBUG_INFORMATION_FORMAT = "dwarf-with-dsym";
				GCC_ENABLE_FIX_AND_CONTINUE = NO;
				GCC_PRECOMPILE_PREFIX_HEADER = YES;
				GCC_PREFIX_HEADER = iNG_Prefix.pch;
				INFOPLIST_FILE = Info.plist;
				PREBINDING = NO;
				PRODUCT_NAME = iNG;
				WRAPPER_EXTENSION = app;
			};
			name = Release;
		};
		C01FCF4F08A954540054247B /* Debug */ = {
			isa = XCBuildConfiguration;
			buildSettings = {
				ALWAYS_SEARCH_USER_PATHS = NO;
				ARCHS = "$(ARCHS_STANDARD_32_BIT)";
				CODE_SIGN_IDENTITY = "William Dietz";
				GCC_C_LANGUAGE_STANDARD = c99;
				GCC_TREAT_IMPLICIT_FUNCTION_DECLARATIONS_AS_ERRORS = NO;
				GCC_TREAT_WARNINGS_AS_ERRORS = NO;
				GCC_WARN_64_TO_32_BIT_CONVERSION = YES;
				GCC_WARN_ABOUT_MISSING_NEWLINE = NO;
				GCC_WARN_ABOUT_MISSING_PROTOTYPES = YES;
				GCC_WARN_ABOUT_RETURN_TYPE = YES;
				GCC_WARN_CHECK_SWITCH_STATEMENTS = YES;
				GCC_WARN_EFFECTIVE_CPLUSPLUS_VIOLATIONS = YES;
				GCC_WARN_FOUR_CHARACTER_CONSTANTS = NO;
				GCC_WARN_HIDDEN_VIRTUAL_FUNCTIONS = YES;
				GCC_WARN_INHIBIT_ALL_WARNINGS = NO;
				GCC_WARN_INITIALIZER_NOT_FULLY_BRACKETED = YES;
				GCC_WARN_MISSING_PARENTHESES = YES;
				GCC_WARN_NON_VIRTUAL_DESTRUCTOR = YES;
				GCC_WARN_PEDANTIC = NO;
				GCC_WARN_PROTOTYPE_CONVERSION = NO;
				GCC_WARN_SHADOW = YES;
				GCC_WARN_SIGN_COMPARE = YES;
				GCC_WARN_TYPECHECK_CALLS_TO_PRINTF = YES;
				GCC_WARN_UNINITIALIZED_AUTOS = NO;
				GCC_WARN_UNUSED_FUNCTION = YES;
				GCC_WARN_UNUSED_LABEL = YES;
				GCC_WARN_UNUSED_PARAMETER = NO;
				GCC_WARN_UNUSED_VALUE = YES;
				GCC_WARN_UNUSED_VARIABLE = YES;
				ONLY_ACTIVE_ARCH = YES;
				PREBINDING = NO;
				SDKROOT = iphoneos2.0;
			};
			name = Debug;
		};
		C01FCF5008A954540054247B /* Release */ = {
			isa = XCBuildConfiguration;
			buildSettings = {
				ARCHS = "$(ARCHS_STANDARD_32_BIT)";
				CODE_SIGN_IDENTITY = "William Dietz";
				PREBINDING = NO;
				SDKROOT = iphoneos2.0;
			};
			name = Release;
		};
/* End XCBuildConfiguration section */

/* Begin XCConfigurationList section */
		1D6058960D05DD3E006BFB54 /* Build configuration list for PBXNativeTarget "iNG" */ = {
			isa = XCConfigurationList;
			buildConfigurations = (
				1D6058940D05DD3E006BFB54 /* Debug */,
				1D6058950D05DD3E006BFB54 /* Release */,
			);
			defaultConfigurationIsVisible = 0;
			defaultConfigurationName = Release;
		};
		C01FCF4E08A954540054247B /* Build configuration list for PBXProject "iNG" */ = {
			isa = XCConfigurationList;
			buildConfigurations = (
				C01FCF4F08A954540054247B /* Debug */,
				C01FCF5008A954540054247B /* Release */,
			);
			defaultConfigurationIsVisible = 0;
			defaultConfigurationName = Release;
		};
/* End XCConfigurationList section */
	};
	rootObject = 29B97313FDCFA39411CA2CEA /* Project object */;
}
